{
  "version": 4,
  "terraform_version": "1.5.5",
  "serial": 11,
  "lineage": "a575a2ef-5414-1b6f-022b-4ff7351282f1",
  "outputs": {},
  "resources": [
    {
      "mode": "managed",
      "type": "github_repository",
      "name": "first_repo_test",
      "provider": "provider[\"registry.terraform.io/integrations/github\"]",
      "instances": [
        {
          "schema_version": 1,
          "attributes": {
            "allow_auto_merge": false,
            "allow_merge_commit": true,
            "allow_rebase_merge": true,
            "allow_squash_merge": true,
            "allow_update_branch": false,
            "archive_on_destroy": null,
            "archived": false,
            "auto_init": null,
            "default_branch": "main",
            "delete_branch_on_merge": false,
            "description": "First attempt at creating a github repo using Terraform",
            "etag": "W/\"8fd7144b713346397657597d95fb97c1b44acf6fad0b3e6f544724265db907eb\"",
            "full_name": "F4llenPotAto/smogdog-repo",
            "git_clone_url": "git://github.com/F4llenPotAto/smogdog-repo.git",
            "gitignore_template": null,
            "has_discussions": false,
            "has_downloads": false,
            "has_issues": false,
            "has_projects": false,
            "has_wiki": false,
            "homepage_url": "",
            "html_url": "https://github.com/F4llenPotAto/smogdog-repo",
            "http_clone_url": "https://github.com/F4llenPotAto/smogdog-repo.git",
            "id": "smogdog-repo",
            "ignore_vulnerability_alerts_during_read": null,
            "is_template": false,
            "license_template": null,
            "merge_commit_message": "PR_TITLE",
            "merge_commit_title": "MERGE_MESSAGE",
            "name": "smogdog-repo",
            "node_id": "R_kgDOKJcliA",
            "pages": [],
            "private": true,
            "repo_id": 680994184,
            "security_and_analysis": [],
            "squash_merge_commit_message": "COMMIT_MESSAGES",
            "squash_merge_commit_title": "COMMIT_OR_PR_TITLE",
            "ssh_clone_url": "git@github.com:F4llenPotAto/smogdog-repo.git",
            "svn_url": "https://github.com/F4llenPotAto/smogdog-repo",
            "template": [],
            "topics": null,
            "visibility": "private",
            "vulnerability_alerts": true
          },
          "sensitive_attributes": [],
          "private": "eyJzY2hlbWFfdmVyc2lvbiI6IjEifQ=="
        }
      ]
    }
  ],
  "check_results": null
}
