{
  "version": 4,
  "terraform_version": "1.5.5",
  "serial": 33,
  "lineage": "a575a2ef-5414-1b6f-022b-4ff7351282f1",
  "outputs": {},
  "resources": [
    {
      "mode": "managed",
      "type": "github_branch_protection",
      "name": "example",
      "provider": "provider[\"registry.terraform.io/integrations/github\"]",
      "instances": [
        {
          "schema_version": 1,
          "attributes": {
            "allows_deletions": true,
            "allows_force_pushes": false,
            "blocks_creations": false,
            "enforce_admins": true,
            "force_push_bypassers": null,
            "id": "BPR_kwDOKJ1SFM4Cbnyt",
            "lock_branch": false,
            "pattern": "master",
            "push_restrictions": null,
            "repository_id": "smogdog-repo",
            "require_conversation_resolution": false,
            "require_signed_commits": false,
            "required_linear_history": false,
            "required_pull_request_reviews": [
              {
                "dismiss_stale_reviews": false,
                "dismissal_restrictions": null,
                "pull_request_bypassers": null,
                "require_code_owner_reviews": false,
                "require_last_push_approval": false,
                "required_approving_review_count": 1,
                "restrict_dismissals": false
              }
            ],
            "required_status_checks": [
              {
                "contexts": null,
                "strict": false
              }
            ]
          },
          "sensitive_attributes": [],
          "private": "eyJzY2hlbWFfdmVyc2lvbiI6IjEifQ==",
          "dependencies": [
            "github_repository.first_repo_test"
          ]
        }
      ]
    },
    {
      "mode": "managed",
      "type": "github_repository",
      "name": "first_repo_test",
      "provider": "provider[\"registry.terraform.io/integrations/github\"]",
      "instances": [
        {
          "schema_version": 1,
          "attributes": {
            "allow_auto_merge": false,
            "allow_merge_commit": true,
            "allow_rebase_merge": true,
            "allow_squash_merge": true,
            "allow_update_branch": false,
            "archive_on_destroy": null,
            "archived": false,
            "auto_init": null,
            "default_branch": "main",
            "delete_branch_on_merge": false,
            "description": "First attempt at creating a github repo using Terraform",
            "etag": "W/\"d8578580282aaa5c5f164153cf3f83cd403439a735e0a712c4229e42ec9e2dd7\"",
            "full_name": "F4llenPotAto/smogdog-repo",
            "git_clone_url": "git://github.com/F4llenPotAto/smogdog-repo.git",
            "gitignore_template": null,
            "has_discussions": false,
            "has_downloads": false,
            "has_issues": false,
            "has_projects": false,
            "has_wiki": false,
            "homepage_url": "",
            "html_url": "https://github.com/F4llenPotAto/smogdog-repo",
            "http_clone_url": "https://github.com/F4llenPotAto/smogdog-repo.git",
            "id": "smogdog-repo",
            "ignore_vulnerability_alerts_during_read": null,
            "is_template": false,
            "license_template": null,
            "merge_commit_message": "PR_TITLE",
            "merge_commit_title": "MERGE_MESSAGE",
            "name": "smogdog-repo",
            "node_id": "R_kgDOKJ1SFA",
            "pages": [],
            "private": false,
            "repo_id": 681398804,
            "security_and_analysis": [
              {
                "advanced_security": [],
                "secret_scanning": [
                  {
                    "status": "disabled"
                  }
                ],
                "secret_scanning_push_protection": [
                  {
                    "status": "disabled"
                  }
                ]
              }
            ],
            "squash_merge_commit_message": "COMMIT_MESSAGES",
            "squash_merge_commit_title": "COMMIT_OR_PR_TITLE",
            "ssh_clone_url": "git@github.com:F4llenPotAto/smogdog-repo.git",
            "svn_url": "https://github.com/F4llenPotAto/smogdog-repo",
            "template": [],
            "topics": null,
            "visibility": "public",
            "vulnerability_alerts": true
          },
          "sensitive_attributes": [],
          "private": "eyJzY2hlbWFfdmVyc2lvbiI6IjEifQ=="
        }
      ]
    }
  ],
  "check_results": null
}
