{
  "version": 4,
  "terraform_version": "1.5.5",
  "serial": 49,
  "lineage": "a575a2ef-5414-1b6f-022b-4ff7351282f1",
  "outputs": {
    "repo_information": {
      "value": {
        "full_name": "F4llenPotAto/terraform-generated-backstage-repo",
        "html_url": "https://github.com/F4llenPotAto/terraform-generated-backstage-repo"
      },
      "type": [
        "object",
        {
          "full_name": "string",
          "html_url": "string"
        }
      ]
    }
  },
  "resources": [
    {
      "mode": "managed",
      "type": "github_branch_protection",
      "name": "master_branch_protection",
      "provider": "provider[\"registry.terraform.io/integrations/github\"]",
      "instances": [
        {
          "schema_version": 1,
          "attributes": {
            "allows_deletions": false,
            "allows_force_pushes": false,
            "blocks_creations": false,
            "enforce_admins": false,
            "force_push_bypassers": null,
            "id": "BPR_kwDOKJ3iRM4CbpaH",
            "lock_branch": false,
            "pattern": "master",
            "push_restrictions": null,
            "repository_id": "terraform-generated-backstage-repo",
            "require_conversation_resolution": false,
            "require_signed_commits": true,
            "required_linear_history": false,
            "required_pull_request_reviews": [],
            "required_status_checks": []
          },
          "sensitive_attributes": [],
          "private": "eyJzY2hlbWFfdmVyc2lvbiI6IjEifQ==",
          "dependencies": [
            "github_repository.this"
          ]
        }
      ]
    },
    {
      "mode": "managed",
      "type": "github_repository",
      "name": "this",
      "provider": "provider[\"registry.terraform.io/integrations/github\"]",
      "instances": [
        {
          "schema_version": 1,
          "attributes": {
            "allow_auto_merge": false,
            "allow_merge_commit": true,
            "allow_rebase_merge": true,
            "allow_squash_merge": true,
            "allow_update_branch": false,
            "archive_on_destroy": null,
            "archived": false,
            "auto_init": null,
            "default_branch": "main",
            "delete_branch_on_merge": false,
            "description": "Repo built by Terraform, used for hosting backstage",
            "etag": "W/\"057d8800875a75da3f4aefcc49d8ad8c5f28a9453deb84717061b3af57f15fbd\"",
            "full_name": "F4llenPotAto/terraform-generated-backstage-repo",
            "git_clone_url": "git://github.com/F4llenPotAto/terraform-generated-backstage-repo.git",
            "gitignore_template": null,
            "has_discussions": false,
            "has_downloads": false,
            "has_issues": false,
            "has_projects": false,
            "has_wiki": false,
            "homepage_url": "",
            "html_url": "https://github.com/F4llenPotAto/terraform-generated-backstage-repo",
            "http_clone_url": "https://github.com/F4llenPotAto/terraform-generated-backstage-repo.git",
            "id": "terraform-generated-backstage-repo",
            "ignore_vulnerability_alerts_during_read": null,
            "is_template": false,
            "license_template": null,
            "merge_commit_message": "PR_TITLE",
            "merge_commit_title": "MERGE_MESSAGE",
            "name": "terraform-generated-backstage-repo",
            "node_id": "R_kgDOKJ3iRA",
            "pages": [],
            "private": false,
            "repo_id": 681435716,
            "security_and_analysis": [
              {
                "advanced_security": [],
                "secret_scanning": [
                  {
                    "status": "disabled"
                  }
                ],
                "secret_scanning_push_protection": [
                  {
                    "status": "disabled"
                  }
                ]
              }
            ],
            "squash_merge_commit_message": "COMMIT_MESSAGES",
            "squash_merge_commit_title": "COMMIT_OR_PR_TITLE",
            "ssh_clone_url": "git@github.com:F4llenPotAto/terraform-generated-backstage-repo.git",
            "svn_url": "https://github.com/F4llenPotAto/terraform-generated-backstage-repo",
            "template": [],
            "topics": null,
            "visibility": "public",
            "vulnerability_alerts": true
          },
          "sensitive_attributes": [],
          "private": "eyJzY2hlbWFfdmVyc2lvbiI6IjEifQ=="
        }
      ]
    }
  ],
  "check_results": null
}
