{
  "version": 4,
  "terraform_version": "1.5.6",
  "serial": 3,
  "lineage": "6daaf05b-f42d-2a29-452d-c845d553feee",
  "outputs": {
    "repo_information": {
      "value": {
        "full_name": "F4llenPotAto/learning-deep-learning",
        "git_clone_url": "git://github.com/F4llenPotAto/learning-deep-learning.git",
        "html_url": "https://github.com/F4llenPotAto/learning-deep-learning",
        "http_clone_url": "https://github.com/F4llenPotAto/learning-deep-learning.git",
        "repo_id": 686067617,
        "ssh_clone_url": "git@github.com:F4llenPotAto/learning-deep-learning.git"
      },
      "type": [
        "object",
        {
          "full_name": "string",
          "git_clone_url": "string",
          "html_url": "string",
          "http_clone_url": "string",
          "repo_id": "number",
          "ssh_clone_url": "string"
        }
      ]
    }
  },
  "resources": [
    {
      "mode": "managed",
      "type": "github_branch_protection",
      "name": "master_branch_protection",
      "provider": "provider[\"registry.terraform.io/integrations/github\"]",
      "instances": [
        {
          "schema_version": 1,
          "attributes": {
            "allows_deletions": false,
            "allows_force_pushes": false,
            "blocks_creations": false,
            "enforce_admins": false,
            "force_push_bypassers": null,
            "id": "BPR_kwDOKOSPoc4CdG7f",
            "lock_branch": false,
            "pattern": "master",
            "push_restrictions": null,
            "repository_id": "learning-deep-learning",
            "require_conversation_resolution": false,
            "require_signed_commits": true,
            "required_linear_history": false,
            "required_pull_request_reviews": [],
            "required_status_checks": []
          },
          "sensitive_attributes": [],
          "private": "eyJzY2hlbWFfdmVyc2lvbiI6IjEifQ==",
          "dependencies": [
            "github_repository.this"
          ]
        }
      ]
    },
    {
      "mode": "managed",
      "type": "github_repository",
      "name": "this",
      "provider": "provider[\"registry.terraform.io/integrations/github\"]",
      "instances": [
        {
          "schema_version": 1,
          "attributes": {
            "allow_auto_merge": false,
            "allow_merge_commit": true,
            "allow_rebase_merge": true,
            "allow_squash_merge": true,
            "allow_update_branch": false,
            "archive_on_destroy": null,
            "archived": false,
            "auto_init": null,
            "default_branch": "main",
            "delete_branch_on_merge": false,
            "description": "Python code examples from the NVIDIA deep learning book",
            "etag": "W/\"ee1a908b7fde3017b2189c04e19b5f2c289961eaa93e4e8ea7b63992f8effde7\"",
            "full_name": "F4llenPotAto/learning-deep-learning",
            "git_clone_url": "git://github.com/F4llenPotAto/learning-deep-learning.git",
            "gitignore_template": null,
            "has_discussions": false,
            "has_downloads": false,
            "has_issues": false,
            "has_projects": false,
            "has_wiki": false,
            "homepage_url": "",
            "html_url": "https://github.com/F4llenPotAto/learning-deep-learning",
            "http_clone_url": "https://github.com/F4llenPotAto/learning-deep-learning.git",
            "id": "learning-deep-learning",
            "ignore_vulnerability_alerts_during_read": null,
            "is_template": false,
            "license_template": null,
            "merge_commit_message": "PR_TITLE",
            "merge_commit_title": "MERGE_MESSAGE",
            "name": "learning-deep-learning",
            "node_id": "R_kgDOKOSPoQ",
            "pages": [],
            "primary_language": "",
            "private": false,
            "repo_id": 686067617,
            "security_and_analysis": [
              {
                "advanced_security": [],
                "secret_scanning": [
                  {
                    "status": "disabled"
                  }
                ],
                "secret_scanning_push_protection": [
                  {
                    "status": "disabled"
                  }
                ]
              }
            ],
            "squash_merge_commit_message": "COMMIT_MESSAGES",
            "squash_merge_commit_title": "COMMIT_OR_PR_TITLE",
            "ssh_clone_url": "git@github.com:F4llenPotAto/learning-deep-learning.git",
            "svn_url": "https://github.com/F4llenPotAto/learning-deep-learning",
            "template": [],
            "topics": null,
            "visibility": "public",
            "vulnerability_alerts": true
          },
          "sensitive_attributes": [],
          "private": "eyJzY2hlbWFfdmVyc2lvbiI6IjEifQ=="
        }
      ]
    }
  ],
  "check_results": null
}
